{
  "name": "advent-of-code-2019",
  "version": "1.0.0",
  "lockfileVersion": 1,
  "requires": true,
  "dependencies": {
    "math.js": {
      "version": "1.1.45",
      "resolved": "https://registry.npmjs.org/math.js/-/math.js-1.1.45.tgz",
      "integrity": "sha512-+PBHYgVGB/goGsCksJTvBAmIowBeXHOlvwqQQgBdiJ7KStO8KtNkK1edFC293iGpoPX5P1tZs9Yu6QCV9c0hQg=="
    }
  }
}
